
Microsoft Visual Studio Solution File, Format Version 12.00
# Visual Studio Version 17
VisualStudioVersion = 17.2.32630.192
MinimumVisualStudioVersion = 10.0.40219.1
Project("{FAE04EC0-301F-11D3-BF4B-00C04F79EFBC}") = "Day5BasicAndFunctionalProgram", "Day5BasicAndFunctionalProgram\Day5BasicAndFunctionalProgram.csproj", "{934338C3-10EC-43F3-8048-4B2B2972B1B4}"
EndProject
Global
	GlobalSection(SolutionConfigurationPlatforms) = preSolution
		Debug|Any CPU = Debug|Any CPU
		Release|Any CPU = Release|Any CPU
	EndGlobalSection
	GlobalSection(ProjectConfigurationPlatforms) = postSolution
		{934338C3-10EC-43F3-8048-4B2B2972B1B4}.Debug|Any CPU.ActiveCfg = Debug|Any CPU
		{934338C3-10EC-43F3-8048-4B2B2972B1B4}.Debug|Any CPU.Build.0 = Debug|Any CPU
		{934338C3-10EC-43F3-8048-4B2B2972B1B4}.Release|Any CPU.ActiveCfg = Release|Any CPU
		{934338C3-10EC-43F3-8048-4B2B2972B1B4}.Release|Any CPU.Build.0 = Release|Any CPU
	EndGlobalSection
	GlobalSection(SolutionProperties) = preSolution
		HideSolutionNode = FALSE
	EndGlobalSection
	GlobalSection(ExtensibilityGlobals) = postSolution
		SolutionGuid = {FB5E54B4-337D-4E3A-8281-6B984D9B632A}
	EndGlobalSection
EndGlobal
